<?xml version="1.0" encoding="utf-8"?>
<Project ToolsVersion="4.0" xmlns="http://schemas.microsoft.com/developer/msbuild/2003">
  <ItemGroup>
    <Filter Include="Source Files">
      <UniqueIdentifier>{4FC737F1-C7A5-4376-A066-2A32D752A2FF}</UniqueIdentifier>
      <Extensions>cpp;c;cc;cxx;def;odl;idl;hpj;bat;asm;asmx</Extensions>
    </Filter>
    <Filter Include="Header Files">
      <UniqueIdentifier>{93995380-89BD-4b04-88EB-625FBE52EBFB}</UniqueIdentifier>
      <Extensions>h;hh;hpp;hxx;hm;inl;inc;ipp;xsd</Extensions>
    </Filter>
    <Filter Include="Resource Files">
      <UniqueIdentifier>{67DA6AB6-F800-4c08-8B7A-83BB121AAD01}</UniqueIdentifier>
      <Extensions>rc;ico;cur;bmp;dlg;rc2;rct;bin;rgs;gif;jpg;jpeg;jpe;resx;tiff;tif;png;wav;mfcribbon-ms</Extensions>
    </Filter>
  </ItemGroup>
  <ItemGroup>
    <ClCompile Include="main.cpp">
      <Filter>Source Files</Filter>
    </ClCompile>
    <ClCompile Include="ShaderLoader.cpp">
      <Filter>Source Files</Filter>
    </ClCompile>
    <ClCompile Include="camera.cpp">
      <Filter>Source Files</Filter>
    </ClCompile>
    <ClCompile Include="GameManager.cpp">
      <Filter>Source Files</Filter>
    </ClCompile>
    <ClCompile Include="TextLabel.cpp">
      <Filter>Source Files</Filter>
    </ClCompile>
    <ClCompile Include="Mesh.cpp">
      <Filter>Source Files</Filter>
    </ClCompile>
    <ClCompile Include="Player.cpp">
      <Filter>Source Files</Filter>
    </ClCompile>
    <ClCompile Include="Sphere.cpp">
      <Filter>Source Files</Filter>
    </ClCompile>
    <ClCompile Include="CubeMap.cpp">
      <Filter>Source Files</Filter>
    </ClCompile>
    <ClCompile Include="Sound.cpp">
      <Filter>Source Files</Filter>
    </ClCompile>
    <ClCompile Include="Object.cpp">
      <Filter>Source Files</Filter>
    </ClCompile>
    <ClCompile Include="Input.cpp">
      <Filter>Source Files</Filter>
    </ClCompile>
  </ItemGroup>
  <ItemGroup>
    <ClInclude Include="ShaderLoader.h">
      <Filter>Header Files</Filter>
    </ClInclude>
    <ClInclude Include="GameManager.h">
      <Filter>Header Files</Filter>
    </ClInclude>
    <ClInclude Include="camera.h">
      <Filter>Header Files</Filter>
    </ClInclude>
    <ClInclude Include="TextLabel.h">
      <Filter>Header Files</Filter>
    </ClInclude>
    <ClInclude Include="Utility.h">
      <Filter>Header Files</Filter>
    </ClInclude>
    <ClInclude Include="Mesh.h">
      <Filter>Header Files</Filter>
    </ClInclude>
    <ClInclude Include="Player.h">
      <Filter>Header Files</Filter>
    </ClInclude>
    <ClInclude Include="Sphere.h">
      <Filter>Header Files</Filter>
    </ClInclude>
    <ClInclude Include="CubeMap.h">
      <Filter>Header Files</Filter>
    </ClInclude>
    <ClInclude Include="Sound.h">
      <Filter>Header Files</Filter>
    </ClInclude>
    <ClInclude Include="Object.h">
      <Filter>Header Files</Filter>
    </ClInclude>
    <ClInclude Include="Input.h">
      <Filter>Header Files</Filter>
    </ClInclude>
  </ItemGroup>
  <ItemGroup>
    <None Include="Resource\Shaders\basic.vs">
      <Filter>Resource Files</Filter>
    </None>
    <None Include="Resource\Shaders\sphere.fs">
      <Filter>Resource Files</Filter>
    </None>
    <None Include="Resource\Shaders\sphere.vs">
      <Filter>Resource Files</Filter>
    </None>
    <None Include="Resource\Shaders\Text.fs">
      <Filter>Resource Files</Filter>
    </None>
    <None Include="Resource\Shaders\Text.vs">
      <Filter>Resource Files</Filter>
    </None>
    <None Include="Resource\Shaders\basic.fs">
      <Filter>Resource Files</Filter>
    </None>
    <None Include="Resource\Shaders\normals.vs">
      <Filter>Resource Files</Filter>
    </None>
    <None Include="Resource\Shaders\phong.fs">
      <Filter>Resource Files</Filter>
    </None>
    <None Include="Resource\Shaders\phong.vs">
      <Filter>Resource Files</Filter>
    </None>
    <None Include="Resource\Shaders\RimLighting.fs">
      <Filter>Resource Files</Filter>
    </None>
    <None Include="Resource\Shaders\BlinnPhong.fs">
      <Filter>Resource Files</Filter>
    </None>
    <None Include="Resource\Shaders\PhongAmbient.fs">
      <Filter>Resource Files</Filter>
    </None>
    <None Include="Resource\Shaders\PhongDiffuse.fs">
      <Filter>Resource Files</Filter>
    </None>
    <None Include="Resource\Shaders\PhongSpecular.fs">
      <Filter>Resource Files</Filter>
    </None>
    <None Include="Resource\Shaders\cubeMap.fs">
      <Filter>Resource Files</Filter>
    </None>
    <None Include="Resource\Shaders\cubeMap.vs">
      <Filter>Resource Files</Filter>
    </None>
    <None Include="Resource\Shaders\Reflection.fs">
      <Filter>Resource Files</Filter>
    </None>
    <None Include="Resource\Shaders\Reflection.vs">
      <Filter>Resource Files</Filter>
    </None>
  </ItemGroup>
</Project>