<?xml version="1.0" encoding="utf-8"?>
<Project ToolsVersion="4.0" xmlns="http://schemas.microsoft.com/developer/msbuild/2003">
  <ItemGroup>
    <Filter Include="Source Files">
      <UniqueIdentifier>{4FC737F1-C7A5-4376-A066-2A32D752A2FF}</UniqueIdentifier>
      <Extensions>cpp;c;cc;cxx;def;odl;idl;hpj;bat;asm;asmx</Extensions>
    </Filter>
    <Filter Include="Header Files">
      <UniqueIdentifier>{93995380-89BD-4b04-88EB-625FBE52EBFB}</UniqueIdentifier>
      <Extensions>h;hh;hpp;hxx;hm;inl;inc;ipp;xsd</Extensions>
    </Filter>
    <Filter Include="Resource Files">
      <UniqueIdentifier>{67DA6AB6-F800-4c08-8B7A-83BB121AAD01}</UniqueIdentifier>
      <Extensions>rc;ico;cur;bmp;dlg;rc2;rct;bin;rgs;gif;jpg;jpeg;jpe;resx;tiff;tif;png;wav;mfcribbon-ms</Extensions>
    </Filter>
    <Filter Include="Source Files\Levels">
      <UniqueIdentifier>{f55641e9-55df-42eb-9191-a5c6ef1f450f}</UniqueIdentifier>
    </Filter>
    <Filter Include="Source Files\Utility">
      <UniqueIdentifier>{d1318162-56d7-4eb3-ab3e-a04ccb52f5b7}</UniqueIdentifier>
    </Filter>
    <Filter Include="Source Files\Object">
      <UniqueIdentifier>{eed6792e-6746-48c3-87cc-912518e9220a}</UniqueIdentifier>
    </Filter>
    <Filter Include="Header Files\Levels">
      <UniqueIdentifier>{6f6a1ff8-6605-4077-8a77-081fdff69b56}</UniqueIdentifier>
    </Filter>
    <Filter Include="Header Files\Object">
      <UniqueIdentifier>{679a6a9b-41ee-4488-8d7b-5ffa27af7675}</UniqueIdentifier>
    </Filter>
    <Filter Include="Header Files\Utility">
      <UniqueIdentifier>{17ad9281-46e9-40d1-8d1d-b085d79edfa4}</UniqueIdentifier>
    </Filter>
    <Filter Include="Header Files\EntityType">
      <UniqueIdentifier>{548e12c2-9786-494b-8b3a-d9ec83a78faf}</UniqueIdentifier>
    </Filter>
    <Filter Include="Source Files\EntityType">
      <UniqueIdentifier>{4e6aa2d9-36b2-44f4-bcd2-a95728eb7bda}</UniqueIdentifier>
    </Filter>
  </ItemGroup>
  <ItemGroup>
    <ClCompile Include="GameManager.cpp">
      <Filter>Source Files</Filter>
    </ClCompile>
    <ClCompile Include="CubeMap.cpp">
      <Filter>Source Files\EntityType</Filter>
    </ClCompile>
    <ClCompile Include="Sound.cpp">
      <Filter>Source Files\EntityType</Filter>
    </ClCompile>
    <ClCompile Include="TextLabel.cpp">
      <Filter>Source Files\EntityType</Filter>
    </ClCompile>
    <ClCompile Include="Object.cpp">
      <Filter>Source Files\EntityType</Filter>
    </ClCompile>
    <ClCompile Include="Level.cpp">
      <Filter>Source Files\Levels</Filter>
    </ClCompile>
    <ClCompile Include="MenuLevel.cpp">
      <Filter>Source Files\Levels</Filter>
    </ClCompile>
    <ClCompile Include="Input.cpp">
      <Filter>Source Files\Utility</Filter>
    </ClCompile>
    <ClCompile Include="main.cpp">
      <Filter>Source Files\Utility</Filter>
    </ClCompile>
    <ClCompile Include="Mesh.cpp">
      <Filter>Source Files\EntityType</Filter>
    </ClCompile>
    <ClCompile Include="Player.cpp">
      <Filter>Source Files\Object</Filter>
    </ClCompile>
    <ClCompile Include="SplashScreen.cpp">
      <Filter>Source Files\Levels</Filter>
    </ClCompile>
    <ClCompile Include="Sphere.cpp">
      <Filter>Source Files\EntityType</Filter>
    </ClCompile>
    <ClCompile Include="ShaderLoader.cpp">
      <Filter>Source Files\Utility</Filter>
    </ClCompile>
    <ClCompile Include="camera.cpp">
      <Filter>Source Files\Object</Filter>
    </ClCompile>
    <ClCompile Include="Button.cpp">
      <Filter>Source Files\EntityType</Filter>
    </ClCompile>
    <ClCompile Include="CStartButton.cpp">
      <Filter>Source Files\Object</Filter>
    </ClCompile>
    <ClCompile Include="Mesh2D.cpp">
      <Filter>Source Files</Filter>
    </ClCompile>
    <ClCompile Include="Enemy.cpp">
      <Filter>Source Files</Filter>
    </ClCompile>
    <ClCompile Include="Bullet.cpp">
      <Filter>Source Files</Filter>
    </ClCompile>
  </ItemGroup>
  <ItemGroup>
    <ClInclude Include="GameManager.h">
      <Filter>Header Files</Filter>
    </ClInclude>
    <ClInclude Include="Utility.h">
      <Filter>Header Files\Utility</Filter>
    </ClInclude>
    <ClInclude Include="camera.h">
      <Filter>Header Files\Object</Filter>
    </ClInclude>
    <ClInclude Include="ShaderLoader.h">
      <Filter>Header Files\Utility</Filter>
    </ClInclude>
    <ClInclude Include="Object.h">
      <Filter>Header Files\EntityType</Filter>
    </ClInclude>
    <ClInclude Include="Player.h">
      <Filter>Header Files\Object</Filter>
    </ClInclude>
    <ClInclude Include="Mesh.h">
      <Filter>Header Files\EntityType</Filter>
    </ClInclude>
    <ClInclude Include="TextLabel.h">
      <Filter>Header Files\EntityType</Filter>
    </ClInclude>
    <ClInclude Include="Sound.h">
      <Filter>Header Files\EntityType</Filter>
    </ClInclude>
    <ClInclude Include="ModelMesh.h">
      <Filter>Header Files\EntityType</Filter>
    </ClInclude>
    <ClInclude Include="Model.h">
      <Filter>Header Files\EntityType</Filter>
    </ClInclude>
    <ClInclude Include="MenuLevel.h">
      <Filter>Header Files\Levels</Filter>
    </ClInclude>
    <ClInclude Include="CubeMap.h">
      <Filter>Header Files\EntityType</Filter>
    </ClInclude>
    <ClInclude Include="CStartButton.h">
      <Filter>Header Files\Object</Filter>
    </ClInclude>
    <ClInclude Include="Button.h">
      <Filter>Header Files\EntityType</Filter>
    </ClInclude>
    <ClInclude Include="SplashScreen.h">
      <Filter>Header Files\Levels</Filter>
    </ClInclude>
    <ClInclude Include="Level.h">
      <Filter>Header Files\Levels</Filter>
    </ClInclude>
    <ClInclude Include="Input.h">
      <Filter>Header Files\Utility</Filter>
    </ClInclude>
    <ClInclude Include="Sphere.h">
      <Filter>Header Files\EntityType</Filter>
    </ClInclude>
    <ClInclude Include="Mesh2D.h">
      <Filter>Header Files</Filter>
    </ClInclude>
    <ClInclude Include="Enemy.h">
      <Filter>Header Files\Object</Filter>
    </ClInclude>
    <ClInclude Include="Bullet.h">
      <Filter>Header Files</Filter>
    </ClInclude>
  </ItemGroup>
  <ItemGroup>
    <None Include="Resource\Shaders\basic.vs">
      <Filter>Resource Files</Filter>
    </None>
    <None Include="Resource\Shaders\sphere.fs">
      <Filter>Resource Files</Filter>
    </None>
    <None Include="Resource\Shaders\sphere.vs">
      <Filter>Resource Files</Filter>
    </None>
    <None Include="Resource\Shaders\Text.fs">
      <Filter>Resource Files</Filter>
    </None>
    <None Include="Resource\Shaders\Text.vs">
      <Filter>Resource Files</Filter>
    </None>
    <None Include="Resource\Shaders\basic.fs">
      <Filter>Resource Files</Filter>
    </None>
    <None Include="Resource\Shaders\normals.vs">
      <Filter>Resource Files</Filter>
    </None>
    <None Include="Resource\Shaders\phong.fs">
      <Filter>Resource Files</Filter>
    </None>
    <None Include="Resource\Shaders\phong.vs">
      <Filter>Resource Files</Filter>
    </None>
    <None Include="Resource\Shaders\RimLighting.fs">
      <Filter>Resource Files</Filter>
    </None>
    <None Include="Resource\Shaders\BlinnPhong.fs">
      <Filter>Resource Files</Filter>
    </None>
    <None Include="Resource\Shaders\PhongAmbient.fs">
      <Filter>Resource Files</Filter>
    </None>
    <None Include="Resource\Shaders\PhongDiffuse.fs">
      <Filter>Resource Files</Filter>
    </None>
    <None Include="Resource\Shaders\PhongSpecular.fs">
      <Filter>Resource Files</Filter>
    </None>
    <None Include="Resource\Shaders\cubeMap.fs">
      <Filter>Resource Files</Filter>
    </None>
    <None Include="Resource\Shaders\cubeMap.vs">
      <Filter>Resource Files</Filter>
    </None>
    <None Include="Resource\Shaders\Reflection.fs">
      <Filter>Resource Files</Filter>
    </None>
    <None Include="Resource\Shaders\Reflection.vs">
      <Filter>Resource Files</Filter>
    </None>
    <None Include="Resource\Shaders\Model.vs">
      <Filter>Resource Files</Filter>
    </None>
    <None Include="Resource\Shaders\Model.fs">
      <Filter>Resource Files</Filter>
    </None>
  </ItemGroup>
</Project>